
Microsoft Visual Studio Solution File, Format Version 12.00
# Visual Studio Version 16
VisualStudioVersion = 16.0.29709.97
MinimumVisualStudioVersion = 10.0.40219.1
Project("{F184B08F-C81C-45F6-A57F-5ABD9991F28F}") = "mediaplayer", "mediaplayer\mediaplayer.vbproj", "{A15EEED0-F74F-4F70-97C7-92B6D6AA14E5}"
EndProject
Global
	GlobalSection(SolutionConfigurationPlatforms) = preSolution
		Debug|Any CPU = Debug|Any CPU
		Release|Any CPU = Release|Any CPU
	EndGlobalSection
	GlobalSection(ProjectConfigurationPlatforms) = postSolution
		{A15EEED0-F74F-4F70-97C7-92B6D6AA14E5}.Debug|Any CPU.ActiveCfg = Debug|Any CPU
		{A15EEED0-F74F-4F70-97C7-92B6D6AA14E5}.Debug|Any CPU.Build.0 = Debug|Any CPU
		{A15EEED0-F74F-4F70-97C7-92B6D6AA14E5}.Release|Any CPU.ActiveCfg = Release|Any CPU
		{A15EEED0-F74F-4F70-97C7-92B6D6AA14E5}.Release|Any CPU.Build.0 = Release|Any CPU
	EndGlobalSection
	GlobalSection(SolutionProperties) = preSolution
		HideSolutionNode = FALSE
	EndGlobalSection
	GlobalSection(ExtensibilityGlobals) = postSolution
		SolutionGuid = {286E968E-41CA-4A84-A819-359240F26201}
	EndGlobalSection
EndGlobal
