
Microsoft Visual Studio Solution File, Format Version 12.00
# Visual Studio Version 16
VisualStudioVersion = 16.0.29709.97
MinimumVisualStudioVersion = 10.0.40219.1
Project("{F184B08F-C81C-45F6-A57F-5ABD9991F28F}") = "calculator", "calculator\calculator.vbproj", "{00DA1636-E04A-4F20-B855-F12C83458B6B}"
EndProject
Global
	GlobalSection(SolutionConfigurationPlatforms) = preSolution
		Debug|Any CPU = Debug|Any CPU
		Release|Any CPU = Release|Any CPU
	EndGlobalSection
	GlobalSection(ProjectConfigurationPlatforms) = postSolution
		{00DA1636-E04A-4F20-B855-F12C83458B6B}.Debug|Any CPU.ActiveCfg = Debug|Any CPU
		{00DA1636-E04A-4F20-B855-F12C83458B6B}.Debug|Any CPU.Build.0 = Debug|Any CPU
		{00DA1636-E04A-4F20-B855-F12C83458B6B}.Release|Any CPU.ActiveCfg = Release|Any CPU
		{00DA1636-E04A-4F20-B855-F12C83458B6B}.Release|Any CPU.Build.0 = Release|Any CPU
	EndGlobalSection
	GlobalSection(SolutionProperties) = preSolution
		HideSolutionNode = FALSE
	EndGlobalSection
	GlobalSection(ExtensibilityGlobals) = postSolution
		SolutionGuid = {8E4BB95E-6F87-42F9-9A46-AF072ACE130C}
	EndGlobalSection
EndGlobal
